
Microsoft Visual Studio Solution File, Format Version 12.00
# Visual Studio Version 16
VisualStudioVersion = 16.0.29613.14
MinimumVisualStudioVersion = 10.0.40219.1
Project("{9A19103F-16F7-4668-BE54-9A1E7A4F7556}") = "SpotifyWebApi", "SpotifyWebApi\SpotifyWebApi.csproj", "{CCD1CAF9-1E3E-42C7-8BBA-A9522C56942D}"
EndProject
Project("{9A19103F-16F7-4668-BE54-9A1E7A4F7556}") = "Test", "Test\Test.csproj", "{588425FE-3536-40E5-9C61-0CC44598BF42}"
EndProject
Project("{2150E333-8FDC-42A3-9474-1A3956D46DE8}") = "Solution Folder", "Solution Folder", "{EBCC8FE0-7CF5-4D01-9C51-4283CFFAAA1D}"
	ProjectSection(SolutionItems) = preProject
		.gitattributes = .gitattributes
		.gitignore = .gitignore
		README.md = README.md
		SpotifyIcon.png = SpotifyIcon.png
	EndProjectSection
EndProject
Project("{9A19103F-16F7-4668-BE54-9A1E7A4F7556}") = "ExampleConsoleApp", "ExampleConsoleApp\ExampleConsoleApp.csproj", "{2B3BE9FE-CAAC-4EFB-8EBB-2AEA23229592}"
EndProject
Project("{9A19103F-16F7-4668-BE54-9A1E7A4F7556}") = "SpotifyWebApi2", "SpotifyWebApi2\SpotifyWebApi2.csproj", "{61B68A4A-8C7A-48F7-A719-3969BDD1BB24}"
EndProject
Project("{9A19103F-16F7-4668-BE54-9A1E7A4F7556}") = "Tests", "Tests\Tests.csproj", "{AFC5C0EC-9B77-4AA5-B7B4-F3BEABE57548}"
EndProject
Global
	GlobalSection(SolutionConfigurationPlatforms) = preSolution
		Debug|Any CPU = Debug|Any CPU
		Release|Any CPU = Release|Any CPU
	EndGlobalSection
	GlobalSection(ProjectConfigurationPlatforms) = postSolution
		{CCD1CAF9-1E3E-42C7-8BBA-A9522C56942D}.Debug|Any CPU.ActiveCfg = Debug|Any CPU
		{CCD1CAF9-1E3E-42C7-8BBA-A9522C56942D}.Debug|Any CPU.Build.0 = Debug|Any CPU
		{CCD1CAF9-1E3E-42C7-8BBA-A9522C56942D}.Release|Any CPU.ActiveCfg = Release|Any CPU
		{CCD1CAF9-1E3E-42C7-8BBA-A9522C56942D}.Release|Any CPU.Build.0 = Release|Any CPU
		{588425FE-3536-40E5-9C61-0CC44598BF42}.Debug|Any CPU.ActiveCfg = Debug|Any CPU
		{588425FE-3536-40E5-9C61-0CC44598BF42}.Debug|Any CPU.Build.0 = Debug|Any CPU
		{588425FE-3536-40E5-9C61-0CC44598BF42}.Release|Any CPU.ActiveCfg = Release|Any CPU
		{588425FE-3536-40E5-9C61-0CC44598BF42}.Release|Any CPU.Build.0 = Release|Any CPU
		{2B3BE9FE-CAAC-4EFB-8EBB-2AEA23229592}.Debug|Any CPU.ActiveCfg = Debug|Any CPU
		{2B3BE9FE-CAAC-4EFB-8EBB-2AEA23229592}.Debug|Any CPU.Build.0 = Debug|Any CPU
		{2B3BE9FE-CAAC-4EFB-8EBB-2AEA23229592}.Release|Any CPU.ActiveCfg = Release|Any CPU
		{2B3BE9FE-CAAC-4EFB-8EBB-2AEA23229592}.Release|Any CPU.Build.0 = Release|Any CPU
		{61B68A4A-8C7A-48F7-A719-3969BDD1BB24}.Debug|Any CPU.ActiveCfg = Debug|Any CPU
		{61B68A4A-8C7A-48F7-A719-3969BDD1BB24}.Debug|Any CPU.Build.0 = Debug|Any CPU
		{61B68A4A-8C7A-48F7-A719-3969BDD1BB24}.Release|Any CPU.ActiveCfg = Release|Any CPU
		{61B68A4A-8C7A-48F7-A719-3969BDD1BB24}.Release|Any CPU.Build.0 = Release|Any CPU
		{AFC5C0EC-9B77-4AA5-B7B4-F3BEABE57548}.Debug|Any CPU.ActiveCfg = Debug|Any CPU
		{AFC5C0EC-9B77-4AA5-B7B4-F3BEABE57548}.Debug|Any CPU.Build.0 = Debug|Any CPU
		{AFC5C0EC-9B77-4AA5-B7B4-F3BEABE57548}.Release|Any CPU.ActiveCfg = Release|Any CPU
		{AFC5C0EC-9B77-4AA5-B7B4-F3BEABE57548}.Release|Any CPU.Build.0 = Release|Any CPU
	EndGlobalSection
	GlobalSection(SolutionProperties) = preSolution
		HideSolutionNode = FALSE
	EndGlobalSection
	GlobalSection(ExtensibilityGlobals) = postSolution
		SolutionGuid = {16D90C67-7447-4F44-A250-6CA7BD2358F9}
	EndGlobalSection
EndGlobal
